Microsoft Visual Studio Solution File, Format Version 12.00
# Visual Studio Version 17
VisualStudioVersion = 17.0.0.0
MinimumVisualStudioVersion = 10.0.40219.1
Project("{FAE04EC0-301F-11D3-BF4B-00C04F79EFBC}") = "Virgil.App", "src/Virgil.App/Virgil.App.csproj", "{E2B5C049-C1A1-45E3-881D-F93442D69F82}"
EndProject
Project("{FAE04EC0-301F-11D3-BF4B-00C04F79EFBC}") = "Virgil.Core", "src/Virgil.Core/Virgil.Core.csproj", "{3BB4D884-9D09-4BDF-B580-1919D6F68BE0}"
EndProject
Project("{FAE04EC0-301F-11D3-BF4B-00C04F79EFBC}") = "Virgil.Agent", "src/Virgil.Agent/Virgil.Agent.csproj", "{A92090B8-F8C4-4E34-870D-9740126AAE32}"
EndProject
Project("{FAE04EC0-301F-11D3-BF4B-00C04F79EFBC}") = "Virgil.Tests", "tests/Virgil.Tests/Virgil.Tests.csproj", "{53AC2276-6787-4580-84C6-3FDA60D334E4}"
EndProject
Global
GlobalSection(SolutionConfigurationPlatforms) = preSolution
    Debug|Any CPU = Debug|Any CPU
    Release|Any CPU = Release|Any CPU
EndGlobalSection
GlobalSection(ProjectConfigurationPlatforms) = postSolution
    {E2B5C049-C1A1-45E3-881D-F93442D69F82}.Debug|Any CPU.ActiveCfg = Debug|Any CPU
    {E2B5C049-C1A1-45E3-881D-F93442D69F82}.Debug|Any CPU.Build.0 = Debug|Any CPU
    {E2B5C049-C1A1-45E3-881D-F93442D69F82}.Release|Any CPU.ActiveCfg = Release|Any CPU
    {E2B5C049-C1A1-45E3-881D-F93442D69F82}.Release|Any CPU.Build.0 = Release|Any CPU
    {3BB4D884-9D09-4BDF-B580-1919D6F68BE0}.Debug|Any CPU.ActiveCfg = Debug|Any CPU
    {3BB4D884-9D09-4BDF-B580-1919D6F68BE0}.Debug|Any CPU.Build.0 = Debug|Any CPU
    {3BB4D884-9D09-4BDF-B580-1919D6F68BE0}.Release|Any CPU.ActiveCfg = Release|Any CPU
    {3BB4D884-9D09-4BDF-B580-1919D6F68BE0}.Release|Any CPU.Build.0 = Release|Any CPU
    {A92090B8-F8C4-4E34-870D-9740126AAE32}.Debug|Any CPU.ActiveCfg = Debug|Any CPU
    {A92090B8-F8C4-4E34-870D-9740126AAE32}.Debug|Any CPU.Build.0 = Debug|Any CPU
    {A92090B8-F8C4-4E34-870D-9740126AAE32}.Release|Any CPU.ActiveCfg = Release|Any CPU
    {A92090B8-F8C4-4E34-870D-9740126AAE32}.Release|Any CPU.Build.0 = Release|Any CPU
    {53AC2276-6787-4580-84C6-3FDA60D334E4}.Debug|Any CPU.ActiveCfg = Debug|Any CPU
    {53AC2276-6787-4580-84C6-3FDA60D334E4}.Debug|Any CPU.Build.0 = Debug|Any CPU
    {53AC2276-6787-4580-84C6-3FDA60D334E4}.Release|Any CPU.ActiveCfg = Release|Any CPU
    {53AC2276-6787-4580-84C6-3FDA60D334E4}.Release|Any CPU.Build.0 = Release|Any CPU
EndGlobalSection
GlobalSection(SolutionProperties) = preSolution
    HideSolutionNode = FALSE
EndGlobalSection
GlobalSection(ExtensibilityGlobals) = postSolution
    SolutionGuid = {20DC0289-6B1B-4574-BD46-D4CF4C37881D}
EndGlobalSection
EndGlobal
